
Microsoft Visual Studio Solution File, Format Version 12.00
# Visual Studio Version 17
VisualStudioVersion = 17.9.34701.34
MinimumVisualStudioVersion = 10.0.40219.1
Project("{9A19103F-16F7-4668-BE54-9A1E7A4F7556}") = "UserAPI", "UserAPI\UserAPI.csproj", "{CD9458B9-8446-49E9-B0A2-DE9E296D3377}"
EndProject
Global
	GlobalSection(SolutionConfigurationPlatforms) = preSolution
		Debug|Any CPU = Debug|Any CPU
		Release|Any CPU = Release|Any CPU
	EndGlobalSection
	GlobalSection(ProjectConfigurationPlatforms) = postSolution
		{CD9458B9-8446-49E9-B0A2-DE9E296D3377}.Debug|Any CPU.ActiveCfg = Debug|Any CPU
		{CD9458B9-8446-49E9-B0A2-DE9E296D3377}.Debug|Any CPU.Build.0 = Debug|Any CPU
		{CD9458B9-8446-49E9-B0A2-DE9E296D3377}.Release|Any CPU.ActiveCfg = Release|Any CPU
		{CD9458B9-8446-49E9-B0A2-DE9E296D3377}.Release|Any CPU.Build.0 = Release|Any CPU
	EndGlobalSection
	GlobalSection(SolutionProperties) = preSolution
		HideSolutionNode = FALSE
	EndGlobalSection
	GlobalSection(ExtensibilityGlobals) = postSolution
		SolutionGuid = {68CF3AD2-5E47-4710-B547-E67BA55606F7}
	EndGlobalSection
EndGlobal
